
Microsoft Visual Studio Solution File, Format Version 12.00
# Visual Studio Version 17
VisualStudioVersion = 17.14.36109.1
MinimumVisualStudioVersion = 10.0.40219.1
Project("{FAE04EC0-301F-11D3-BF4B-00C04F79EFBC}") = "AiWebApplication1", "AiWebApplication1\AiWebApplication1.csproj", "{27E47E34-3F65-3B6B-5D24-607632A097D9}"
EndProject
Project("{2150E333-8FDC-42A3-9474-1A3956D46DE8}") = "Solution Items", "Solution Items", "{089100B1-113F-4E66-888A-E83F3999EAFD}"
	ProjectSection(SolutionItems) = preProject
		readme.md = readme.md
	EndProjectSection
EndProject
Project("{2150E333-8FDC-42A3-9474-1A3956D46DE8}") = "GitHub Copilot", "GitHub Copilot", "{AD26D183-7F01-ED59-B75D-12D30FE80BD7}"
EndProject
Project("{2150E333-8FDC-42A3-9474-1A3956D46DE8}") = "ChatGPT", "ChatGPT", "{DD12CD9D-1258-81E6-E2E3-DA8D5F661111}"
EndProject
Project("{FAE04EC0-301F-11D3-BF4B-00C04F79EFBC}") = "CleanSnagItDirectoryApp", "CleanSnagItDirectoryApp\CleanSnagItDirectoryApp.csproj", "{AED229DB-E302-97D0-88BB-41ABF4563D6C}"
EndProject
Project("{2150E333-8FDC-42A3-9474-1A3956D46DE8}") = "No code", "No code", "{9DF1FCDB-DF2F-EBA2-AA21-3671150F32C6}"
	ProjectSection(SolutionItems) = preProject
		DownloadPartialRepository.md = DownloadPartialRepository.md
	EndProjectSection
EndProject
Project("{FAE04EC0-301F-11D3-BF4B-00C04F79EFBC}") = "SetupEntityFrameworkCoreApp", "SetupEntityFrameworkCoreApp\SetupEntityFrameworkCoreApp.csproj", "{6B0BF397-60CB-4447-AFF9-0886329FBFE8}"
EndProject
Project("{FAE04EC0-301F-11D3-BF4B-00C04F79EFBC}") = "CarsHasEnumConversionApp", "CarsHasEnumConversionApp\CarsHasEnumConversionApp.csproj", "{B0E36E4C-3B0C-4012-90B9-213CFC08DDC4}"
EndProject
Project("{2150E333-8FDC-42A3-9474-1A3956D46DE8}") = "May 2025", "May 2025", "{FE5D9C45-5A32-02AB-6924-49AFDD7B5123}"
EndProject
Project("{FAE04EC0-301F-11D3-BF4B-00C04F79EFBC}") = "DapperBirthdaysComputedColumns", "DapperBirthdaysComputedColumns\DapperBirthdaysComputedColumns.csproj", "{F6E93187-EC51-568E-FE37-B0F56258A217}"
EndProject
Project("{FAE04EC0-301F-11D3-BF4B-00C04F79EFBC}") = "VisualStudioInstructionsFiles", "VisualStudioInstructionsFiles\VisualStudioInstructionsFiles.csproj", "{A12859A1-3D3A-48B9-9C52-DC7AFFC23594}"
EndProject
Project("{2150E333-8FDC-42A3-9474-1A3956D46DE8}") = "Git instructions", "Git instructions", "{83D3C906-7822-F4E3-B901-3BB4356F9722}"
EndProject
Project("{FAE04EC0-301F-11D3-BF4B-00C04F79EFBC}") = "GitLibrary", "GitLibrary\GitLibrary.csproj", "{F72F77A5-6259-41E8-B7F3-D7C826F01453}"
EndProject
Global
	GlobalSection(SolutionConfigurationPlatforms) = preSolution
		Debug|Any CPU = Debug|Any CPU
		Release|Any CPU = Release|Any CPU
	EndGlobalSection
	GlobalSection(ProjectConfigurationPlatforms) = postSolution
		{27E47E34-3F65-3B6B-5D24-607632A097D9}.Debug|Any CPU.ActiveCfg = Debug|Any CPU
		{27E47E34-3F65-3B6B-5D24-607632A097D9}.Debug|Any CPU.Build.0 = Debug|Any CPU
		{27E47E34-3F65-3B6B-5D24-607632A097D9}.Release|Any CPU.ActiveCfg = Release|Any CPU
		{27E47E34-3F65-3B6B-5D24-607632A097D9}.Release|Any CPU.Build.0 = Release|Any CPU
		{AED229DB-E302-97D0-88BB-41ABF4563D6C}.Debug|Any CPU.ActiveCfg = Debug|Any CPU
		{AED229DB-E302-97D0-88BB-41ABF4563D6C}.Debug|Any CPU.Build.0 = Debug|Any CPU
		{AED229DB-E302-97D0-88BB-41ABF4563D6C}.Release|Any CPU.ActiveCfg = Release|Any CPU
		{AED229DB-E302-97D0-88BB-41ABF4563D6C}.Release|Any CPU.Build.0 = Release|Any CPU
		{6B0BF397-60CB-4447-AFF9-0886329FBFE8}.Debug|Any CPU.ActiveCfg = Debug|Any CPU
		{6B0BF397-60CB-4447-AFF9-0886329FBFE8}.Debug|Any CPU.Build.0 = Debug|Any CPU
		{6B0BF397-60CB-4447-AFF9-0886329FBFE8}.Release|Any CPU.ActiveCfg = Release|Any CPU
		{6B0BF397-60CB-4447-AFF9-0886329FBFE8}.Release|Any CPU.Build.0 = Release|Any CPU
		{B0E36E4C-3B0C-4012-90B9-213CFC08DDC4}.Debug|Any CPU.ActiveCfg = Debug|Any CPU
		{B0E36E4C-3B0C-4012-90B9-213CFC08DDC4}.Debug|Any CPU.Build.0 = Debug|Any CPU
		{B0E36E4C-3B0C-4012-90B9-213CFC08DDC4}.Release|Any CPU.ActiveCfg = Release|Any CPU
		{B0E36E4C-3B0C-4012-90B9-213CFC08DDC4}.Release|Any CPU.Build.0 = Release|Any CPU
		{F6E93187-EC51-568E-FE37-B0F56258A217}.Debug|Any CPU.ActiveCfg = Debug|Any CPU
		{F6E93187-EC51-568E-FE37-B0F56258A217}.Debug|Any CPU.Build.0 = Debug|Any CPU
		{F6E93187-EC51-568E-FE37-B0F56258A217}.Release|Any CPU.ActiveCfg = Release|Any CPU
		{F6E93187-EC51-568E-FE37-B0F56258A217}.Release|Any CPU.Build.0 = Release|Any CPU
		{A12859A1-3D3A-48B9-9C52-DC7AFFC23594}.Debug|Any CPU.ActiveCfg = Debug|Any CPU
		{A12859A1-3D3A-48B9-9C52-DC7AFFC23594}.Debug|Any CPU.Build.0 = Debug|Any CPU
		{A12859A1-3D3A-48B9-9C52-DC7AFFC23594}.Release|Any CPU.ActiveCfg = Release|Any CPU
		{A12859A1-3D3A-48B9-9C52-DC7AFFC23594}.Release|Any CPU.Build.0 = Release|Any CPU
		{F72F77A5-6259-41E8-B7F3-D7C826F01453}.Debug|Any CPU.ActiveCfg = Debug|Any CPU
		{F72F77A5-6259-41E8-B7F3-D7C826F01453}.Debug|Any CPU.Build.0 = Debug|Any CPU
		{F72F77A5-6259-41E8-B7F3-D7C826F01453}.Release|Any CPU.ActiveCfg = Release|Any CPU
		{F72F77A5-6259-41E8-B7F3-D7C826F01453}.Release|Any CPU.Build.0 = Release|Any CPU
	EndGlobalSection
	GlobalSection(SolutionProperties) = preSolution
		HideSolutionNode = FALSE
	EndGlobalSection
	GlobalSection(NestedProjects) = preSolution
		{27E47E34-3F65-3B6B-5D24-607632A097D9} = {AD26D183-7F01-ED59-B75D-12D30FE80BD7}
		{AD26D183-7F01-ED59-B75D-12D30FE80BD7} = {FE5D9C45-5A32-02AB-6924-49AFDD7B5123}
		{DD12CD9D-1258-81E6-E2E3-DA8D5F661111} = {FE5D9C45-5A32-02AB-6924-49AFDD7B5123}
		{AED229DB-E302-97D0-88BB-41ABF4563D6C} = {DD12CD9D-1258-81E6-E2E3-DA8D5F661111}
		{9DF1FCDB-DF2F-EBA2-AA21-3671150F32C6} = {FE5D9C45-5A32-02AB-6924-49AFDD7B5123}
		{6B0BF397-60CB-4447-AFF9-0886329FBFE8} = {AD26D183-7F01-ED59-B75D-12D30FE80BD7}
		{B0E36E4C-3B0C-4012-90B9-213CFC08DDC4} = {AD26D183-7F01-ED59-B75D-12D30FE80BD7}
		{F6E93187-EC51-568E-FE37-B0F56258A217} = {AD26D183-7F01-ED59-B75D-12D30FE80BD7}
		{A12859A1-3D3A-48B9-9C52-DC7AFFC23594} = {83D3C906-7822-F4E3-B901-3BB4356F9722}
		{83D3C906-7822-F4E3-B901-3BB4356F9722} = {DD12CD9D-1258-81E6-E2E3-DA8D5F661111}
		{F72F77A5-6259-41E8-B7F3-D7C826F01453} = {83D3C906-7822-F4E3-B901-3BB4356F9722}
	EndGlobalSection
	GlobalSection(ExtensibilityGlobals) = postSolution
		SolutionGuid = {3E94EFFC-9BF8-4632-B9D2-23D81EEB6555}
	EndGlobalSection
EndGlobal
